// !$*UTF8*$!
{
	archiveVersion = 1;
	classes = {
	};
	objectVersion = 77;
	objects = {

/* Begin PBXContainerItemProxy section */
		AEF3D5762D62DAD4007D1F13 /* PBXContainerItemProxy */ = {
			isa = PBXContainerItemProxy;
			containerPortal = AEF3D5572D62DAD3007D1F13 /* Project object */;
			proxyType = 1;
			remoteGlobalIDString = AEF3D55E2D62DAD3007D1F13;
			remoteInfo = CathaybkHomework;
		};
		AEF3D5802D62DAD4007D1F13 /* PBXContainerItemProxy */ = {
			isa = PBXContainerItemProxy;
			containerPortal = AEF3D5572D62DAD3007D1F13 /* Project object */;
			proxyType = 1;
			remoteGlobalIDString = AEF3D55E2D62DAD3007D1F13;
			remoteInfo = CathaybkHomework;
		};
/* End PBXContainerItemProxy section */

/* Begin PBXFileReference section */
		AEF3D55F2D62DAD3007D1F13 /* CathaybkHomework.app */ = {isa = PBXFileReference; explicitFileType = wrapper.application; includeInIndex = 0; path = CathaybkHomework.app; sourceTree = BUILT_PRODUCTS_DIR; };
		AEF3D5752D62DAD4007D1F13 /* CathaybkHomeworkTests.xctest */ = {isa = PBXFileReference; explicitFileType = wrapper.cfbundle; includeInIndex = 0; path = CathaybkHomeworkTests.xctest; sourceTree = BUILT_PRODUCTS_DIR; };
		AEF3D57F2D62DAD4007D1F13 /* CathaybkHomeworkUITests.xctest */ = {isa = PBXFileReference; explicitFileType = wrapper.cfbundle; includeInIndex = 0; path = CathaybkHomeworkUITests.xctest; sourceTree = BUILT_PRODUCTS_DIR; };
/* End PBXFileReference section */

/* Begin PBXFileSystemSynchronizedBuildFileExceptionSet section */
		AEF3D5872D62DAD4007D1F13 /* Exceptions for "CathaybkHomework" folder in "CathaybkHomework" target */ = {
			isa = PBXFileSystemSynchronizedBuildFileExceptionSet;
			membershipExceptions = (
				Info.plist,
			);
			target = AEF3D55E2D62DAD3007D1F13 /* CathaybkHomework */;
		};
/* End PBXFileSystemSynchronizedBuildFileExceptionSet section */

/* Begin PBXFileSystemSynchronizedRootGroup section */
		AEF3D5612D62DAD3007D1F13 /* CathaybkHomework */ = {
			isa = PBXFileSystemSynchronizedRootGroup;
			exceptions = (
				AEF3D5872D62DAD4007D1F13 /* Exceptions for "CathaybkHomework" folder in "CathaybkHomework" target */,
			);
			path = CathaybkHomework;
			sourceTree = "<group>";
		};
		AEF3D5782D62DAD4007D1F13 /* CathaybkHomeworkTests */ = {
			isa = PBXFileSystemSynchronizedRootGroup;
			path = CathaybkHomeworkTests;
			sourceTree = "<group>";
		};
		AEF3D5822D62DAD4007D1F13 /* CathaybkHomeworkUITests */ = {
			isa = PBXFileSystemSynchronizedRootGroup;
			path = CathaybkHomeworkUITests;
			sourceTree = "<group>";
		};
/* End PBXFileSystemSynchronizedRootGroup section */

/* Begin PBXFrameworksBuildPhase section */
		AEF3D55C2D62DAD3007D1F13 /* Frameworks */ = {
			isa = PBXFrameworksBuildPhase;
			buildActionMask = 2147483647;
			files = (
			);
			runOnlyForDeploymentPostprocessing = 0;
		};
		AEF3D5722D62DAD4007D1F13 /* Frameworks */ = {
			isa = PBXFrameworksBuildPhase;
			buildActionMask = 2147483647;
			files = (
			);
			runOnlyForDeploymentPostprocessing = 0;
		};
		AEF3D57C2D62DAD4007D1F13 /* Frameworks */ = {
			isa = PBXFrameworksBuildPhase;
			buildActionMask = 2147483647;
			files = (
			);
			runOnlyForDeploymentPostprocessing = 0;
		};
/* End PBXFrameworksBuildPhase section */

/* Begin PBXGroup section */
		AEF3D5562D62DAD3007D1F13 = {
			isa = PBXGroup;
			children = (
				AEF3D5612D62DAD3007D1F13 /* CathaybkHomework */,
				AEF3D5782D62DAD4007D1F13 /* CathaybkHomeworkTests */,
				AEF3D5822D62DAD4007D1F13 /* CathaybkHomeworkUITests */,
				AEF3D5602D62DAD3007D1F13 /* Products */,
			);
			sourceTree = "<group>";
		};
		AEF3D5602D62DAD3007D1F13 /* Products */ = {
			isa = PBXGroup;
			children = (
				AEF3D55F2D62DAD3007D1F13 /* CathaybkHomework.app */,
				AEF3D5752D62DAD4007D1F13 /* CathaybkHomeworkTests.xctest */,
				AEF3D57F2D62DAD4007D1F13 /* CathaybkHomeworkUITests.xctest */,
			);
			name = Products;
			sourceTree = "<group>";
		};
/* End PBXGroup section */

/* Begin PBXNativeTarget section */
		AEF3D55E2D62DAD3007D1F13 /* CathaybkHomework */ = {
			isa = PBXNativeTarget;
			buildConfigurationList = AEF3D5882D62DAD4007D1F13 /* Build configuration list for PBXNativeTarget "CathaybkHomework" */;
			buildPhases = (
				AEF3D55B2D62DAD3007D1F13 /* Sources */,
				AEF3D55C2D62DAD3007D1F13 /* Frameworks */,
				AEF3D55D2D62DAD3007D1F13 /* Resources */,
			);
			buildRules = (
			);
			dependencies = (
			);
			fileSystemSynchronizedGroups = (
				AEF3D5612D62DAD3007D1F13 /* CathaybkHomework */,
			);
			name = CathaybkHomework;
			packageProductDependencies = (
			);
			productName = CathaybkHomework;
			productReference = AEF3D55F2D62DAD3007D1F13 /* CathaybkHomework.app */;
			productType = "com.apple.product-type.application";
		};
		AEF3D5742D62DAD4007D1F13 /* CathaybkHomeworkTests */ = {
			isa = PBXNativeTarget;
			buildConfigurationList = AEF3D58D2D62DAD4007D1F13 /* Build configuration list for PBXNativeTarget "CathaybkHomeworkTests" */;
			buildPhases = (
				AEF3D5712D62DAD4007D1F13 /* Sources */,
				AEF3D5722D62DAD4007D1F13 /* Frameworks */,
				AEF3D5732D62DAD4007D1F13 /* Resources */,
			);
			buildRules = (
			);
			dependencies = (
				AEF3D5772D62DAD4007D1F13 /* PBXTargetDependency */,
			);
			fileSystemSynchronizedGroups = (
				AEF3D5782D62DAD4007D1F13 /* CathaybkHomeworkTests */,
			);
			name = CathaybkHomeworkTests;
			packageProductDependencies = (
			);
			productName = CathaybkHomeworkTests;
			productReference = AEF3D5752D62DAD4007D1F13 /* CathaybkHomeworkTests.xctest */;
			productType = "com.apple.product-type.bundle.unit-test";
		};
		AEF3D57E2D62DAD4007D1F13 /* CathaybkHomeworkUITests */ = {
			isa = PBXNativeTarget;
			buildConfigurationList = AEF3D5902D62DAD4007D1F13 /* Build configuration list for PBXNativeTarget "CathaybkHomeworkUITests" */;
			buildPhases = (
				AEF3D57B2D62DAD4007D1F13 /* Sources */,
				AEF3D57C2D62DAD4007D1F13 /* Frameworks */,
				AEF3D57D2D62DAD4007D1F13 /* Resources */,
			);
			buildRules = (
			);
			dependencies = (
				AEF3D5812D62DAD4007D1F13 /* PBXTargetDependency */,
			);
			fileSystemSynchronizedGroups = (
				AEF3D5822D62DAD4007D1F13 /* CathaybkHomeworkUITests */,
			);
			name = CathaybkHomeworkUITests;
			packageProductDependencies = (
			);
			productName = CathaybkHomeworkUITests;
			productReference = AEF3D57F2D62DAD4007D1F13 /* CathaybkHomeworkUITests.xctest */;
			productType = "com.apple.product-type.bundle.ui-testing";
		};
/* End PBXNativeTarget section */

/* Begin PBXProject section */
		AEF3D5572D62DAD3007D1F13 /* Project object */ = {
			isa = PBXProject;
			attributes = {
				BuildIndependentTargetsInParallel = 1;
				LastSwiftUpdateCheck = 1620;
				LastUpgradeCheck = 1620;
				TargetAttributes = {
					AEF3D55E2D62DAD3007D1F13 = {
						CreatedOnToolsVersion = 16.2;
					};
					AEF3D5742D62DAD4007D1F13 = {
						CreatedOnToolsVersion = 16.2;
						TestTargetID = AEF3D55E2D62DAD3007D1F13;
					};
					AEF3D57E2D62DAD4007D1F13 = {
						CreatedOnToolsVersion = 16.2;
						TestTargetID = AEF3D55E2D62DAD3007D1F13;
					};
				};
			};
			buildConfigurationList = AEF3D55A2D62DAD3007D1F13 /* Build configuration list for PBXProject "CathaybkHomework" */;
			developmentRegion = en;
			hasScannedForEncodings = 0;
			knownRegions = (
				en,
				Base,
			);
			mainGroup = AEF3D5562D62DAD3007D1F13;
			minimizedProjectReferenceProxies = 1;
			preferredProjectObjectVersion = 77;
			productRefGroup = AEF3D5602D62DAD3007D1F13 /* Products */;
			projectDirPath = "";
			projectRoot = "";
			targets = (
				AEF3D55E2D62DAD3007D1F13 /* CathaybkHomework */,
				AEF3D5742D62DAD4007D1F13 /* CathaybkHomeworkTests */,
				AEF3D57E2D62DAD4007D1F13 /* CathaybkHomeworkUITests */,
			);
		};
/* End PBXProject section */

/* Begin PBXResourcesBuildPhase section */
		AEF3D55D2D62DAD3007D1F13 /* Resources */ = {
			isa = PBXResourcesBuildPhase;
			buildActionMask = 2147483647;
			files = (
			);
			runOnlyForDeploymentPostprocessing = 0;
		};
		AEF3D5732D62DAD4007D1F13 /* Resources */ = {
			isa = PBXResourcesBuildPhase;
			buildActionMask = 2147483647;
			files = (
			);
			runOnlyForDeploymentPostprocessing = 0;
		};
		AEF3D57D2D62DAD4007D1F13 /* Resources */ = {
			isa = PBXResourcesBuildPhase;
			buildActionMask = 2147483647;
			files = (
			);
			runOnlyForDeploymentPostprocessing = 0;
		};
/* End PBXResourcesBuildPhase section */

/* Begin PBXSourcesBuildPhase section */
		AEF3D55B2D62DAD3007D1F13 /* Sources */ = {
			isa = PBXSourcesBuildPhase;
			buildActionMask = 2147483647;
			files = (
			);
			runOnlyForDeploymentPostprocessing = 0;
		};
		AEF3D5712D62DAD4007D1F13 /* Sources */ = {
			isa = PBXSourcesBuildPhase;
			buildActionMask = 2147483647;
			files = (
			);
			runOnlyForDeploymentPostprocessing = 0;
		};
		AEF3D57B2D62DAD4007D1F13 /* Sources */ = {
			isa = PBXSourcesBuildPhase;
			buildActionMask = 2147483647;
			files = (
			);
			runOnlyForDeploymentPostprocessing = 0;
		};
/* End PBXSourcesBuildPhase section */

/* Begin PBXTargetDependency section */
		AEF3D5772D62DAD4007D1F13 /* PBXTargetDependency */ = {
			isa = PBXTargetDependency;
			target = AEF3D55E2D62DAD3007D1F13 /* CathaybkHomework */;
			targetProxy = AEF3D5762D62DAD4007D1F13 /* PBXContainerItemProxy */;
		};
		AEF3D5812D62DAD4007D1F13 /* PBXTargetDependency */ = {
			isa = PBXTargetDependency;
			target = AEF3D55E2D62DAD3007D1F13 /* CathaybkHomework */;
			targetProxy = AEF3D5802D62DAD4007D1F13 /* PBXContainerItemProxy */;
		};
/* End PBXTargetDependency section */

/* Begin XCBuildConfiguration section */
		AEF3D5892D62DAD4007D1F13 /* Debug */ = {
			isa = XCBuildConfiguration;
			buildSettings = {
				ASSETCATALOG_COMPILER_APPICON_NAME = AppIcon;
				ASSETCATALOG_COMPILER_GLOBAL_ACCENT_COLOR_NAME = AccentColor;
				CODE_SIGN_STYLE = Automatic;
				CURRENT_PROJECT_VERSION = 1;
				GENERATE_INFOPLIST_FILE = YES;
				INFOPLIST_FILE = CathaybkHomework/Info.plist;
				INFOPLIST_KEY_UIApplicationSupportsIndirectInputEvents = YES;
				INFOPLIST_KEY_UILaunchStoryboardName = LaunchScreen;
				INFOPLIST_KEY_UIMainStoryboardFile = Main;
				INFOPLIST_KEY_UISupportedInterfaceOrientations_iPad = "UIInterfaceOrientationPortrait UIInterfaceOrientationPortraitUpsideDown UIInterfaceOrientationLandscapeLeft UIInterfaceOrientationLandscapeRight";
				INFOPLIST_KEY_UISupportedInterfaceOrientations_iPhone = "UIInterfaceOrientationPortrait UIInterfaceOrientationLandscapeLeft UIInterfaceOrientationLandscapeRight";
				LD_RUNPATH_SEARCH_PATHS = (
					"$(inherited)",
					"@executable_path/Frameworks",
				);
				MARKETING_VERSION = 1.0;
				PRODUCT_BUNDLE_IDENTIFIER = com.dev.CathaybkHomework;
				PRODUCT_NAME = "$(TARGET_NAME)";
				SWIFT_EMIT_LOC_STRINGS = YES;
				SWIFT_VERSION = 5.0;
				TARGETED_DEVICE_FAMILY = "1,2";
			};
			name = Debug;
		};
		AEF3D58A2D62DAD4007D1F13 /* Release */ = {
			isa = XCBuildConfiguration;
			buildSettings = {
				ASSETCATALOG_COMPILER_APPICON_NAME = AppIcon;
				ASSETCATALOG_COMPILER_GLOBAL_ACCENT_COLOR_NAME = AccentColor;
				CODE_SIGN_STYLE = Automatic;
				CURRENT_PROJECT_VERSION = 1;
				GENERATE_INFOPLIST_FILE = YES;
				INFOPLIST_FILE = CathaybkHomework/Info.plist;
				INFOPLIST_KEY_UIApplicationSupportsIndirectInputEvents = YES;
				INFOPLIST_KEY_UILaunchStoryboardName = LaunchScreen;
				INFOPLIST_KEY_UIMainStoryboardFile = Main;
				INFOPLIST_KEY_UISupportedInterfaceOrientations_iPad = "UIInterfaceOrientationPortrait UIInterfaceOrientationPortraitUpsideDown UIInterfaceOrientationLandscapeLeft UIInterfaceOrientationLandscapeRight";
				INFOPLIST_KEY_UISupportedInterfaceOrientations_iPhone = "UIInterfaceOrientationPortrait UIInterfaceOrientationLandscapeLeft UIInterfaceOrientationLandscapeRight";
				LD_RUNPATH_SEARCH_PATHS = (
					"$(inherited)",
					"@executable_path/Frameworks",
				);
				MARKETING_VERSION = 1.0;
				PRODUCT_BUNDLE_IDENTIFIER = com.dev.CathaybkHomework;
				PRODUCT_NAME = "$(TARGET_NAME)";
				SWIFT_EMIT_LOC_STRINGS = YES;
				SWIFT_VERSION = 5.0;
				TARGETED_DEVICE_FAMILY = "1,2";
			};
			name = Release;
		};
		AEF3D58B2D62DAD4007D1F13 /* Debug */ = {
			isa = XCBuildConfiguration;
			buildSettings = {
				ALWAYS_SEARCH_USER_PATHS = NO;
				ASSETCATALOG_COMPILER_GENERATE_SWIFT_ASSET_SYMBOL_EXTENSIONS = YES;
				CLANG_ANALYZER_NONNULL = YES;
				CLANG_ANALYZER_NUMBER_OBJECT_CONVERSION = YES_AGGRESSIVE;
				CLANG_CXX_LANGUAGE_STANDARD = "gnu++20";
				CLANG_ENABLE_MODULES = YES;
				CLANG_ENABLE_OBJC_ARC = YES;
				CLANG_ENABLE_OBJC_WEAK = YES;
				CLANG_WARN_BLOCK_CAPTURE_AUTORELEASING = YES;
				CLANG_WARN_BOOL_CONVERSION = YES;
				CLANG_WARN_COMMA = YES;
				CLANG_WARN_CONSTANT_CONVERSION = YES;
				CLANG_WARN_DEPRECATED_OBJC_IMPLEMENTATIONS = YES;
				CLANG_WARN_DIRECT_OBJC_ISA_USAGE = YES_ERROR;
				CLANG_WARN_DOCUMENTATION_COMMENTS = YES;
				CLANG_WARN_EMPTY_BODY = YES;
				CLANG_WARN_ENUM_CONVERSION = YES;
				CLANG_WARN_INFINITE_RECURSION = YES;
				CLANG_WARN_INT_CONVERSION = YES;
				CLANG_WARN_NON_LITERAL_NULL_CONVERSION = YES;
				CLANG_WARN_OBJC_IMPLICIT_RETAIN_SELF = YES;
				CLANG_WARN_OBJC_LITERAL_CONVERSION = YES;
				CLANG_WARN_OBJC_ROOT_CLASS = YES_ERROR;
				CLANG_WARN_QUOTED_INCLUDE_IN_FRAMEWORK_HEADER = YES;
				CLANG_WARN_RANGE_LOOP_ANALYSIS = YES;
				CLANG_WARN_STRICT_PROTOTYPES = YES;
				CLANG_WARN_SUSPICIOUS_MOVE = YES;
				CLANG_WARN_UNGUARDED_AVAILABILITY = YES_AGGRESSIVE;
				CLANG_WARN_UNREACHABLE_CODE = YES;
				CLANG_WARN__DUPLICATE_METHOD_MATCH = YES;
				COPY_PHASE_STRIP = NO;
				DEBUG_INFORMATION_FORMAT = dwarf;
				ENABLE_STRICT_OBJC_MSGSEND = YES;
				ENABLE_TESTABILITY = YES;
				ENABLE_USER_SCRIPT_SANDBOXING = YES;
				GCC_C_LANGUAGE_STANDARD = gnu17;
				GCC_DYNAMIC_NO_PIC = NO;
				GCC_NO_COMMON_BLOCKS = YES;
				GCC_OPTIMIZATION_LEVEL = 0;
				GCC_PREPROCESSOR_DEFINITIONS = (
					"DEBUG=1",
					"$(inherited)",
				);
				GCC_WARN_64_TO_32_BIT_CONVERSION = YES;
				GCC_WARN_ABOUT_RETURN_TYPE = YES_ERROR;
				GCC_WARN_UNDECLARED_SELECTOR = YES;
				GCC_WARN_UNINITIALIZED_AUTOS = YES_AGGRESSIVE;
				GCC_WARN_UNUSED_FUNCTION = YES;
				GCC_WARN_UNUSED_VARIABLE = YES;
				IPHONEOS_DEPLOYMENT_TARGET = 18.2;
				LOCALIZATION_PREFERS_STRING_CATALOGS = YES;
				MTL_ENABLE_DEBUG_INFO = INCLUDE_SOURCE;
				MTL_FAST_MATH = YES;
				ONLY_ACTIVE_ARCH = YES;
				SDKROOT = iphoneos;
				SWIFT_ACTIVE_COMPILATION_CONDITIONS = "DEBUG $(inherited)";
				SWIFT_OPTIMIZATION_LEVEL = "-Onone";
			};
			name = Debug;
		};
		AEF3D58C2D62DAD4007D1F13 /* Release */ = {
			isa = XCBuildConfiguration;
			buildSettings = {
				ALWAYS_SEARCH_USER_PATHS = NO;
				ASSETCATALOG_COMPILER_GENERATE_SWIFT_ASSET_SYMBOL_EXTENSIONS = YES;
				CLANG_ANALYZER_NONNULL = YES;
				CLANG_ANALYZER_NUMBER_OBJECT_CONVERSION = YES_AGGRESSIVE;
				CLANG_CXX_LANGUAGE_STANDARD = "gnu++20";
				CLANG_ENABLE_MODULES = YES;
				CLANG_ENABLE_OBJC_ARC = YES;
				CLANG_ENABLE_OBJC_WEAK = YES;
				CLANG_WARN_BLOCK_CAPTURE_AUTORELEASING = YES;
				CLANG_WARN_BOOL_CONVERSION = YES;
				CLANG_WARN_COMMA = YES;
				CLANG_WARN_CONSTANT_CONVERSION = YES;
				CLANG_WARN_DEPRECATED_OBJC_IMPLEMENTATIONS = YES;
				CLANG_WARN_DIRECT_OBJC_ISA_USAGE = YES_ERROR;
				CLANG_WARN_DOCUMENTATION_COMMENTS = YES;
				CLANG_WARN_EMPTY_BODY = YES;
				CLANG_WARN_ENUM_CONVERSION = YES;
				CLANG_WARN_INFINITE_RECURSION = YES;
				CLANG_WARN_INT_CONVERSION = YES;
				CLANG_WARN_NON_LITERAL_NULL_CONVERSION = YES;
				CLANG_WARN_OBJC_IMPLICIT_RETAIN_SELF = YES;
				CLANG_WARN_OBJC_LITERAL_CONVERSION = YES;
				CLANG_WARN_OBJC_ROOT_CLASS = YES_ERROR;
				CLANG_WARN_QUOTED_INCLUDE_IN_FRAMEWORK_HEADER = YES;
				CLANG_WARN_RANGE_LOOP_ANALYSIS = YES;
				CLANG_WARN_STRICT_PROTOTYPES = YES;
				CLANG_WARN_SUSPICIOUS_MOVE = YES;
				CLANG_WARN_UNGUARDED_AVAILABILITY = YES_AGGRESSIVE;
				CLANG_WARN_UNREACHABLE_CODE = YES;
				CLANG_WARN__DUPLICATE_METHOD_MATCH = YES;
				COPY_PHASE_STRIP = NO;
				DEBUG_INFORMATION_FORMAT = "dwarf-with-dsym";
				ENABLE_NS_ASSERTIONS = NO;
				ENABLE_STRICT_OBJC_MSGSEND = YES;
				ENABLE_USER_SCRIPT_SANDBOXING = YES;
				GCC_C_LANGUAGE_STANDARD = gnu17;
				GCC_NO_COMMON_BLOCKS = YES;
				GCC_WARN_64_TO_32_BIT_CONVERSION = YES;
				GCC_WARN_ABOUT_RETURN_TYPE = YES_ERROR;
				GCC_WARN_UNDECLARED_SELECTOR = YES;
				GCC_WARN_UNINITIALIZED_AUTOS = YES_AGGRESSIVE;
				GCC_WARN_UNUSED_FUNCTION = YES;
				GCC_WARN_UNUSED_VARIABLE = YES;
				IPHONEOS_DEPLOYMENT_TARGET = 18.2;
				LOCALIZATION_PREFERS_STRING_CATALOGS = YES;
				MTL_ENABLE_DEBUG_INFO = NO;
				MTL_FAST_MATH = YES;
				SDKROOT = iphoneos;
				SWIFT_COMPILATION_MODE = wholemodule;
				VALIDATE_PRODUCT = YES;
			};
			name = Release;
		};
		AEF3D58E2D62DAD4007D1F13 /* Debug */ = {
			isa = XCBuildConfiguration;
			buildSettings = {
				BUNDLE_LOADER = "$(TEST_HOST)";
				CODE_SIGN_STYLE = Automatic;
				CURRENT_PROJECT_VERSION = 1;
				GENERATE_INFOPLIST_FILE = YES;
				IPHONEOS_DEPLOYMENT_TARGET = 18.2;
				MARKETING_VERSION = 1.0;
				PRODUCT_BUNDLE_IDENTIFIER = com.dev.CathaybkHomeworkTests;
				PRODUCT_NAME = "$(TARGET_NAME)";
				SWIFT_EMIT_LOC_STRINGS = NO;
				SWIFT_VERSION = 5.0;
				TARGETED_DEVICE_FAMILY = "1,2";
				TEST_HOST = "$(BUILT_PRODUCTS_DIR)/CathaybkHomework.app/$(BUNDLE_EXECUTABLE_FOLDER_PATH)/CathaybkHomework";
			};
			name = Debug;
		};
		AEF3D58F2D62DAD4007D1F13 /* Release */ = {
			isa = XCBuildConfiguration;
			buildSettings = {
				BUNDLE_LOADER = "$(TEST_HOST)";
				CODE_SIGN_STYLE = Automatic;
				CURRENT_PROJECT_VERSION = 1;
				GENERATE_INFOPLIST_FILE = YES;
				IPHONEOS_DEPLOYMENT_TARGET = 18.2;
				MARKETING_VERSION = 1.0;
				PRODUCT_BUNDLE_IDENTIFIER = com.dev.CathaybkHomeworkTests;
				PRODUCT_NAME = "$(TARGET_NAME)";
				SWIFT_EMIT_LOC_STRINGS = NO;
				SWIFT_VERSION = 5.0;
				TARGETED_DEVICE_FAMILY = "1,2";
				TEST_HOST = "$(BUILT_PRODUCTS_DIR)/CathaybkHomework.app/$(BUNDLE_EXECUTABLE_FOLDER_PATH)/CathaybkHomework";
			};
			name = Release;
		};
		AEF3D5912D62DAD4007D1F13 /* Debug */ = {
			isa = XCBuildConfiguration;
			buildSettings = {
				CODE_SIGN_STYLE = Automatic;
				CURRENT_PROJECT_VERSION = 1;
				GENERATE_INFOPLIST_FILE = YES;
				MARKETING_VERSION = 1.0;
				PRODUCT_BUNDLE_IDENTIFIER = com.dev.CathaybkHomeworkUITests;
				PRODUCT_NAME = "$(TARGET_NAME)";
				SWIFT_EMIT_LOC_STRINGS = NO;
				SWIFT_VERSION = 5.0;
				TARGETED_DEVICE_FAMILY = "1,2";
				TEST_TARGET_NAME = CathaybkHomework;
			};
			name = Debug;
		};
		AEF3D5922D62DAD4007D1F13 /* Release */ = {
			isa = XCBuildConfiguration;
			buildSettings = {
				CODE_SIGN_STYLE = Automatic;
				CURRENT_PROJECT_VERSION = 1;
				GENERATE_INFOPLIST_FILE = YES;
				MARKETING_VERSION = 1.0;
				PRODUCT_BUNDLE_IDENTIFIER = com.dev.CathaybkHomeworkUITests;
				PRODUCT_NAME = "$(TARGET_NAME)";
				SWIFT_EMIT_LOC_STRINGS = NO;
				SWIFT_VERSION = 5.0;
				TARGETED_DEVICE_FAMILY = "1,2";
				TEST_TARGET_NAME = CathaybkHomework;
			};
			name = Release;
		};
/* End XCBuildConfiguration section */

/* Begin XCConfigurationList section */
		AEF3D55A2D62DAD3007D1F13 /* Build configuration list for PBXProject "CathaybkHomework" */ = {
			isa = XCConfigurationList;
			buildConfigurations = (
				AEF3D58B2D62DAD4007D1F13 /* Debug */,
				AEF3D58C2D62DAD4007D1F13 /* Release */,
			);
			defaultConfigurationIsVisible = 0;
			defaultConfigurationName = Release;
		};
		AEF3D5882D62DAD4007D1F13 /* Build configuration list for PBXNativeTarget "CathaybkHomework" */ = {
			isa = XCConfigurationList;
			buildConfigurations = (
				AEF3D5892D62DAD4007D1F13 /* Debug */,
				AEF3D58A2D62DAD4007D1F13 /* Release */,
			);
			defaultConfigurationIsVisible = 0;
			defaultConfigurationName = Release;
		};
		AEF3D58D2D62DAD4007D1F13 /* Build configuration list for PBXNativeTarget "CathaybkHomeworkTests" */ = {
			isa = XCConfigurationList;
			buildConfigurations = (
				AEF3D58E2D62DAD4007D1F13 /* Debug */,
				AEF3D58F2D62DAD4007D1F13 /* Release */,
			);
			defaultConfigurationIsVisible = 0;
			defaultConfigurationName = Release;
		};
		AEF3D5902D62DAD4007D1F13 /* Build configuration list for PBXNativeTarget "CathaybkHomeworkUITests" */ = {
			isa = XCConfigurationList;
			buildConfigurations = (
				AEF3D5912D62DAD4007D1F13 /* Debug */,
				AEF3D5922D62DAD4007D1F13 /* Release */,
			);
			defaultConfigurationIsVisible = 0;
			defaultConfigurationName = Release;
		};
/* End XCConfigurationList section */
	};
	rootObject = AEF3D5572D62DAD3007D1F13 /* Project object */;
}
